# THIS IS AN AUTOGENERATED FILE. DO NOT EDIT THIS FILE DIRECTLY.
# yarn lockfile v1


acorn@^1.0.3:
  version "1.2.2"
  resolved "https://registry.npmjs.org/acorn/-/acorn-1.2.2.tgz#c8ce27de0acc76d896d2b1fad3df588d9e82f014"

assertion-error@1.0.0:
  version "1.0.0"
  resolved "https://registry.npmjs.org/assertion-error/-/assertion-error-1.0.0.tgz#c7f85438fdd466bc7ca16ab90c81513797a5d23b"

async@2.6.0:
  version "2.6.0"
  resolved "https://registry.yarnpkg.com/async/-/async-2.6.0.tgz#61a29abb6fcc026fea77e56d1c6ec53a795951f4"
  dependencies:
    lodash "^4.14.0"

blanket@~1.2.3:
  version "1.2.3"
  resolved "https://registry.yarnpkg.com/blanket/-/blanket-1.2.3.tgz#151b4987c3bd84552bb5f03b90ef5f7e5931e473"
  dependencies:
    acorn "^1.0.3"
    falafel "~1.2.0"
    foreach "^2.0.5"
    isarray "0.0.1"
    object-keys "^1.0.6"
    xtend "~4.0.0"

bluebird@3.5.0:
  version "3.5.0"
  resolved "https://registry.yarnpkg.com/bluebird/-/bluebird-3.5.0.tgz#791420d7f551eea2897453a8a77653f96606d67c"

bluebird@^3.0.5:
  version "3.5.1"
  resolved "https://registry.yarnpkg.com/bluebird/-/bluebird-3.5.1.tgz#d9551f9de98f1fcda1e683d17ee91a0602ee2eb9"

bson@~1.0.4:
  version "1.0.4"
  resolved "https://registry.npmjs.org/bson/-/bson-1.0.4.tgz#93c10d39eaa5b58415cbc4052f3e53e562b0b72c"

buffer-shims@~1.0.0:
  version "1.0.0"
  resolved "https://registry.yarnpkg.com/buffer-shims/-/buffer-shims-1.0.0.tgz#9978ce317388c649ad8793028c3477ef044a8b51"

chai-as-promised@^7.1.1:
  version "7.1.1"
  resolved "https://registry.yarnpkg.com/chai-as-promised/-/chai-as-promised-7.1.1.tgz#08645d825deb8696ee61725dbf590c012eb00ca0"
  dependencies:
    check-error "^1.0.2"

chai@^2.1.2:
  version "2.3.0"
  resolved "https://registry.npmjs.org/chai/-/chai-2.3.0.tgz#8a2f6a34748da801090fd73287b2aa739a4e909a"
  dependencies:
    assertion-error "1.0.0"
    deep-eql "0.1.3"

check-error@^1.0.2:
  version "1.0.2"
  resolved "https://registry.yarnpkg.com/check-error/-/check-error-1.0.2.tgz#574d312edd88bb5dd8912e9286dd6c0aed4aac82"

coffee-script@^1.9.2:
  version "1.12.7"
  resolved "https://registry.yarnpkg.com/coffee-script/-/coffee-script-1.12.7.tgz#c05dae0cb79591d05b3070a8433a98c9a89ccc53"

commander@0.6.1:
  version "0.6.1"
  resolved "https://registry.npmjs.org/commander/-/commander-0.6.1.tgz#fa68a14f6a945d54dbbe50d8cdb3320e9e3b1a06"

commander@2.3.0:
  version "2.3.0"
  resolved "https://registry.npmjs.org/commander/-/commander-2.3.0.tgz#fd430e889832ec353b9acd1de217c11cb3eef873"

core-util-is@~1.0.0:
  version "1.0.2"
  resolved "https://registry.npmjs.org/core-util-is/-/core-util-is-1.0.2.tgz#b5fd54220aa2bc5ab57aab7140c940754503c1a7"

debug@2.2.0:
  version "2.2.0"
  resolved "https://registry.npmjs.org/debug/-/debug-2.2.0.tgz#f87057e995b1a1f6ae6a4960664137bc56f039da"
  dependencies:
    ms "0.7.1"

debug@2.6.9:
  version "2.6.9"
  resolved "https://registry.yarnpkg.com/debug/-/debug-2.6.9.tgz#5d128515df134ff327e90a4c93f4e077a536341f"
  dependencies:
    ms "2.0.0"

deep-eql@0.1.3:
  version "0.1.3"
  resolved "https://registry.npmjs.org/deep-eql/-/deep-eql-0.1.3.tgz#ef558acab8de25206cd713906d74e56930eb69f2"
  dependencies:
    type-detect "0.1.1"

diff@1.4.0:
  version "1.4.0"
  resolved "https://registry.npmjs.org/diff/-/diff-1.4.0.tgz#7f28d2eb9ee7b15a97efd89ce63dcfdaa3ccbabf"

es6-promise@3.2.1:
  version "3.2.1"
  resolved "https://registry.npmjs.org/es6-promise/-/es6-promise-3.2.1.tgz#ec56233868032909207170c39448e24449dd1fc4"

escape-string-regexp@1.0.2:
  version "1.0.2"
  resolved "https://registry.npmjs.org/escape-string-regexp/-/escape-string-regexp-1.0.2.tgz#4dbc2fe674e71949caf3fb2695ce7f2dc1d9a8d1"

fake-eggs@^4.3.1:
  version "4.4.1"
  resolved "https://registry.yarnpkg.com/fake-eggs/-/fake-eggs-4.4.1.tgz#cc128f5608ebef59c3fe316f891dda9a2f125ad2"
  dependencies:
    lodash "4.17.5"

falafel@~1.2.0:
  version "1.2.0"
  resolved "https://registry.npmjs.org/falafel/-/falafel-1.2.0.tgz#c18d24ef5091174a497f318cd24b026a25cddab4"
  dependencies:
    acorn "^1.0.3"
    foreach "^2.0.5"
    isarray "0.0.1"
    object-keys "^1.0.6"

foreach@^2.0.5:
  version "2.0.5"
  resolved "https://registry.npmjs.org/foreach/-/foreach-2.0.5.tgz#0bee005018aeb260d0a3af3ae658dd0136ec1b99"

glob@3.2.11:
  version "3.2.11"
  resolved "https://registry.npmjs.org/glob/-/glob-3.2.11.tgz#4a973f635b9190f715d10987d5c00fd2815ebe3d"
  dependencies:
    inherits "2"
    minimatch "0.3"

goodeggs-json-schema-validator@^4.5.2:
  version "4.5.2"
  resolved "https://registry.npmjs.org/goodeggs-json-schema-validator/-/goodeggs-json-schema-validator-4.5.2.tgz#4ab5bb87ecb98acb48ccd9b09211cb9be3f3bac4"
  dependencies:
    tv4 "^1.2.7"

growl@1.9.2:
  version "1.9.2"
  resolved "https://registry.npmjs.org/growl/-/growl-1.9.2.tgz#0ea7743715db8d8de2c5ede1775e1b45ac85c02f"

hooks-fixed@2.0.2:
  version "2.0.2"
  resolved "https://registry.yarnpkg.com/hooks-fixed/-/hooks-fixed-2.0.2.tgz#20076daa07e77d8a6106883ce3f1722e051140b0"

inherits@2, inherits@~2.0.1:
  version "2.0.3"
  resolved "https://registry.npmjs.org/inherits/-/inherits-2.0.3.tgz#633c2c83e3da42a502f52466022480f4208261de"

isarray@0.0.1:
  version "0.0.1"
  resolved "https://registry.npmjs.org/isarray/-/isarray-0.0.1.tgz#8a18acfca9a8f4177e09abfc6038939b05d1eedf"

isarray@~1.0.0:
  version "1.0.0"
  resolved "https://registry.npmjs.org/isarray/-/isarray-1.0.0.tgz#bb935d48582cba168c06834957a54a3e07124f11"

jade@0.26.3:
  version "0.26.3"
  resolved "https://registry.npmjs.org/jade/-/jade-0.26.3.tgz#8f10d7977d8d79f2f6ff862a81b0513ccb25686c"
  dependencies:
    commander "0.6.1"
    mkdirp "0.3.0"

kareem@1.5.0:
  version "1.5.0"
  resolved "https://registry.yarnpkg.com/kareem/-/kareem-1.5.0.tgz#e3e4101d9dcfde299769daf4b4db64d895d17448"

lodash.get@4.4.2:
  version "4.4.2"
  resolved "https://registry.yarnpkg.com/lodash.get/-/lodash.get-4.4.2.tgz#2d177f652fa31e939b4438d5341499dfa3825e99"

lodash@4.17.5:
  version "4.17.5"
  resolved "https://registry.npmjs.org/lodash/-/lodash-4.17.5.tgz#99a92d65c0272debe8c96b6057bc8fbfa3bed511"

lodash@^4.14.0, lodash@^4.17.10:
  version "4.17.10"
  resolved "https://registry.yarnpkg.com/lodash/-/lodash-4.17.10.tgz#1b7793cf7259ea38fb3661d4d38b3260af8ae4e7"

lru-cache@2:
  version "2.7.3"
  resolved "https://registry.npmjs.org/lru-cache/-/lru-cache-2.7.3.tgz#6d4524e8b955f95d4f5b58851ce21dd72fb4e952"

minimatch@0.3:
  version "0.3.0"
  resolved "https://registry.npmjs.org/minimatch/-/minimatch-0.3.0.tgz#275d8edaac4f1bb3326472089e7949c8394699dd"
  dependencies:
    lru-cache "2"
    sigmund "~1.0.0"

minimist@0.0.8:
  version "0.0.8"
  resolved "https://registry.npmjs.org/minimist/-/minimist-0.0.8.tgz#857fcabfc3397d2625b8228262e86aa7a011b05d"

mkdirp@0.3.0:
  version "0.3.0"
  resolved "https://registry.npmjs.org/mkdirp/-/mkdirp-0.3.0.tgz#1bbf5ab1ba827af23575143490426455f481fe1e"

mkdirp@0.5.1:
  version "0.5.1"
  resolved "https://registry.npmjs.org/mkdirp/-/mkdirp-0.5.1.tgz#30057438eac6cf7f8c4767f38648d6697d75c903"
  dependencies:
    minimist "0.0.8"

mocha@^2.2.5:
  version "2.5.3"
  resolved "https://registry.npmjs.org/mocha/-/mocha-2.5.3.tgz#161be5bdeb496771eb9b35745050b622b5aefc58"
  dependencies:
    commander "2.3.0"
    debug "2.2.0"
    diff "1.4.0"
    escape-string-regexp "1.0.2"
    glob "3.2.11"
    growl "1.9.2"
    jade "0.26.3"
    mkdirp "0.5.1"
    supports-color "1.2.0"
    to-iso-string "0.0.2"

moment@^2.10.3:
  version "2.22.2"
  resolved "https://registry.yarnpkg.com/moment/-/moment-2.22.2.tgz#3c257f9839fc0e93ff53149632239eb90783ff66"

mongodb-core@2.1.18:
  version "2.1.18"
  resolved "https://registry.yarnpkg.com/mongodb-core/-/mongodb-core-2.1.18.tgz#4c46139bdf3a1f032ded91db49f38eec01659050"
  dependencies:
    bson "~1.0.4"
    require_optional "~1.0.0"

mongodb@2.2.34:
  version "2.2.34"
  resolved "https://registry.yarnpkg.com/mongodb/-/mongodb-2.2.34.tgz#a34f59bbeb61754aec432de72c3fe21526a44c1a"
  dependencies:
    es6-promise "3.2.1"
    mongodb-core "2.1.18"
    readable-stream "2.2.7"

mongoose@^4.0.3:
  version "4.13.17"
  resolved "https://registry.yarnpkg.com/mongoose/-/mongoose-4.13.17.tgz#0af0396b1e5af027edf404518c62cc194de7d17a"
  dependencies:
    async "2.6.0"
    bson "~1.0.4"
    hooks-fixed "2.0.2"
    kareem "1.5.0"
    lodash.get "4.4.2"
    mongodb "2.2.34"
    mpath "0.5.1"
    mpromise "0.5.5"
    mquery "2.3.3"
    ms "2.0.0"
    muri "1.3.0"
    regexp-clone "0.0.1"
    sliced "1.0.1"

mpath@0.5.1:
  version "0.5.1"
  resolved "https://registry.yarnpkg.com/mpath/-/mpath-0.5.1.tgz#17131501f1ff9e6e4fbc8ffa875aa7065b5775ab"

mpromise@0.5.5:
  version "0.5.5"
  resolved "https://registry.npmjs.org/mpromise/-/mpromise-0.5.5.tgz#f5b24259d763acc2257b0a0c8c6d866fd51732e6"

mquery@2.3.3:
  version "2.3.3"
  resolved "https://registry.yarnpkg.com/mquery/-/mquery-2.3.3.tgz#221412e5d4e7290ca5582dd16ea8f190a506b518"
  dependencies:
    bluebird "3.5.0"
    debug "2.6.9"
    regexp-clone "0.0.1"
    sliced "0.0.5"

ms@0.7.1:
  version "0.7.1"
  resolved "https://registry.npmjs.org/ms/-/ms-0.7.1.tgz#9cd13c03adbff25b65effde7ce864ee952017098"

ms@2.0.0:
  version "2.0.0"
  resolved "https://registry.yarnpkg.com/ms/-/ms-2.0.0.tgz#5608aeadfc00be6c2901df5f9861788de0d597c8"

muri@1.3.0:
  version "1.3.0"
  resolved "https://registry.yarnpkg.com/muri/-/muri-1.3.0.tgz#aeccf3db64c56aa7c5b34e00f95b7878527a4721"

object-keys@^1.0.6:
  version "1.0.11"
  resolved "https://registry.npmjs.org/object-keys/-/object-keys-1.0.11.tgz#c54601778ad560f1142ce0e01bcca8b56d13426d"

process-nextick-args@~1.0.6:
  version "1.0.7"
  resolved "https://registry.npmjs.org/process-nextick-args/-/process-nextick-args-1.0.7.tgz#150e20b756590ad3f91093f25a4f2ad8bff30ba3"

readable-stream@2.2.7:
  version "2.2.7"
  resolved "https://registry.yarnpkg.com/readable-stream/-/readable-stream-2.2.7.tgz#07057acbe2467b22042d36f98c5ad507054e95b1"
  dependencies:
    buffer-shims "~1.0.0"
    core-util-is "~1.0.0"
    inherits "~2.0.1"
    isarray "~1.0.0"
    process-nextick-args "~1.0.6"
    string_decoder "~1.0.0"
    util-deprecate "~1.0.1"

regexp-clone@0.0.1:
  version "0.0.1"
  resolved "https://registry.npmjs.org/regexp-clone/-/regexp-clone-0.0.1.tgz#a7c2e09891fdbf38fbb10d376fb73003e68ac589"

require_optional@~1.0.0:
  version "1.0.0"
  resolved "https://registry.npmjs.org/require_optional/-/require_optional-1.0.0.tgz#52a86137a849728eb60a55533617f8f914f59abf"
  dependencies:
    resolve-from "^2.0.0"
    semver "^5.1.0"

resolve-from@^2.0.0:
  version "2.0.0"
  resolved "https://registry.npmjs.org/resolve-from/-/resolve-from-2.0.0.tgz#9480ab20e94ffa1d9e80a804c7ea147611966b57"

safe-buffer@~5.1.0:
  version "5.1.2"
  resolved "https://registry.yarnpkg.com/safe-buffer/-/safe-buffer-5.1.2.tgz#991ec69d296e0313747d59bdfd2b745c35f8828d"

semver@^5.1.0:
  version "5.3.0"
  resolved "https://registry.npmjs.org/semver/-/semver-5.3.0.tgz#9b2ce5d3de02d17c6012ad326aa6b4d0cf54f94f"

sigmund@~1.0.0:
  version "1.0.1"
  resolved "https://registry.npmjs.org/sigmund/-/sigmund-1.0.1.tgz#3ff21f198cad2175f9f3b781853fd94d0d19b590"

sliced@0.0.5:
  version "0.0.5"
  resolved "https://registry.npmjs.org/sliced/-/sliced-0.0.5.tgz#5edc044ca4eb6f7816d50ba2fc63e25d8fe4707f"

sliced@1.0.1:
  version "1.0.1"
  resolved "https://registry.npmjs.org/sliced/-/sliced-1.0.1.tgz#0b3a662b5d04c3177b1926bea82b03f837a2ef41"

string_decoder@~1.0.0:
  version "1.0.3"
  resolved "https://registry.yarnpkg.com/string_decoder/-/string_decoder-1.0.3.tgz#0fc67d7c141825de94282dd536bec6b9bce860ab"
  dependencies:
    safe-buffer "~5.1.0"

supports-color@1.2.0:
  version "1.2.0"
  resolved "https://registry.npmjs.org/supports-color/-/supports-color-1.2.0.tgz#ff1ed1e61169d06b3cf2d588e188b18d8847e17e"

to-iso-string@0.0.2:
  version "0.0.2"
  resolved "https://registry.npmjs.org/to-iso-string/-/to-iso-string-0.0.2.tgz#4dc19e664dfccbe25bd8db508b00c6da158255d1"

tv4@^1.2.7:
  version "1.3.0"
  resolved "https://registry.npmjs.org/tv4/-/tv4-1.3.0.tgz#d020c846fadd50c855abb25ebaecc68fc10f7963"

type-detect@0.1.1:
  version "0.1.1"
  resolved "https://registry.npmjs.org/type-detect/-/type-detect-0.1.1.tgz#0ba5ec2a885640e470ea4e8505971900dac58822"

util-deprecate@~1.0.1:
  version "1.0.2"
  resolved "https://registry.npmjs.org/util-deprecate/-/util-deprecate-1.0.2.tgz#450d4dc9fa70de732762fbd2d4a28981419a0ccf"

xtend@~4.0.0:
  version "4.0.1"
  resolved "https://registry.npmjs.org/xtend/-/xtend-4.0.1.tgz#a5c6d532be656e23db820efb943a1f04998d63af"
